<?xml version="1.0" encoding="utf-8"?>
<Project ToolsVersion="4.0" xmlns="http://schemas.microsoft.com/developer/msbuild/2003">
  <ItemGroup>
    <Filter Include="Source Files">
      <UniqueIdentifier>{4FC737F1-C7A5-4376-A066-2A32D752A2FF}</UniqueIdentifier>
      <Extensions>cpp;c;cc;cxx;c++;cppm;ixx;def;odl;idl;hpj;bat;asm;asmx</Extensions>
    </Filter>
    <Filter Include="Header Files">
      <UniqueIdentifier>{93995380-89BD-4b04-88EB-625FBE52EBFB}</UniqueIdentifier>
      <Extensions>h;hh;hpp;hxx;h++;hm;inl;inc;ipp;xsd</Extensions>
    </Filter>
    <Filter Include="Resource Files">
      <UniqueIdentifier>{67DA6AB6-F800-4c08-8B7A-83BB121AAD01}</UniqueIdentifier>
      <Extensions>rc;ico;cur;bmp;dlg;rc2;rct;bin;rgs;gif;jpg;jpeg;jpe;resx;tiff;tif;png;wav;mfcribbon-ms</Extensions>
    </Filter>
    <Filter Include="Source Files\Entities">
      <UniqueIdentifier>{81c251dc-5f06-443a-8c15-c3b78b45dd2f}</UniqueIdentifier>
    </Filter>
    <Filter Include="Source Files\IO">
      <UniqueIdentifier>{fd58ef6f-d71a-456a-a3cd-abb848fd8b77}</UniqueIdentifier>
    </Filter>
    <Filter Include="Header Files\EntityHeaders">
      <UniqueIdentifier>{2ed0723b-3d44-4151-8ec6-179ab3266db1}</UniqueIdentifier>
    </Filter>
    <Filter Include="Header Files\IOHeaders">
      <UniqueIdentifier>{73121b0e-c2f8-48a2-9374-71ee88457945}</UniqueIdentifier>
    </Filter>
    <Filter Include="Header Files\AbstractHeaders">
      <UniqueIdentifier>{f04050d2-856a-4c34-8adc-4c254564eca9}</UniqueIdentifier>
    </Filter>
    <Filter Include="Header Files\EnumClasses">
      <UniqueIdentifier>{3923f129-cf6b-4480-95dc-9e063b3196ca}</UniqueIdentifier>
    </Filter>
    <Filter Include="Header Files\FactoriesHeader">
      <UniqueIdentifier>{6185ea86-b1f0-4d5b-9750-ffd35def5276}</UniqueIdentifier>
    </Filter>
    <Filter Include="Source Files\Factories">
      <UniqueIdentifier>{95af7232-a236-4a17-92ed-c8a8f86140a9}</UniqueIdentifier>
    </Filter>
    <Filter Include="Header Files\CoreHeaders">
      <UniqueIdentifier>{4f930427-ee72-4cd7-8b47-1e12ed4f6074}</UniqueIdentifier>
    </Filter>
    <Filter Include="Source Files\Core">
      <UniqueIdentifier>{30465b4f-9140-4a59-b446-7af096a1d0fa}</UniqueIdentifier>
    </Filter>
    <Filter Include="Header Files\Utilities">
      <UniqueIdentifier>{6faa4c16-d0d8-40cf-a68b-8ac60af7c8de}</UniqueIdentifier>
    </Filter>
    <Filter Include="Header Files\RepositoryHeader">
      <UniqueIdentifier>{ca8289bd-6a7c-4feb-9992-a339ab1a57bb}</UniqueIdentifier>
    </Filter>
    <Filter Include="Source Files\Repository">
      <UniqueIdentifier>{fb10e529-97e0-40fa-a621-cab0f6192593}</UniqueIdentifier>
    </Filter>
  </ItemGroup>
  <ItemGroup>
    <ClInclude Include="Catalog.hpp">
      <Filter>Header Files\EntityHeaders</Filter>
    </ClInclude>
    <ClInclude Include="Table.hpp">
      <Filter>Header Files\EntityHeaders</Filter>
    </ClInclude>
    <ClInclude Include="InputFileReader.hpp">
      <Filter>Header Files\IOHeaders</Filter>
    </ClInclude>
    <ClInclude Include="DoubleColumn.hpp">
      <Filter>Header Files\EntityHeaders</Filter>
    </ClInclude>
    <ClInclude Include="StringColumn.hpp">
      <Filter>Header Files\EntityHeaders</Filter>
    </ClInclude>
    <ClInclude Include="IntegerColumn.hpp">
      <Filter>Header Files\EntityHeaders</Filter>
    </ClInclude>
    <ClInclude Include="TableColumn.hpp">
      <Filter>Header Files\AbstractHeaders</Filter>
    </ClInclude>
    <ClInclude Include="ColumnType.hpp">
      <Filter>Header Files\EnumClasses</Filter>
    </ClInclude>
    <ClInclude Include="ColumnFactory.hpp">
      <Filter>Header Files\FactoriesHeader</Filter>
    </ClInclude>
    <ClInclude Include="CatalogCommandsManager.hpp">
      <Filter>Header Files\CoreHeaders</Filter>
    </ClInclude>
    <ClInclude Include="CommandLineManager.hpp">
      <Filter>Header Files\CoreHeaders</Filter>
    </ClInclude>
    <ClInclude Include="InputConsoleReader.hpp">
      <Filter>Header Files\IOHeaders</Filter>
    </ClInclude>
    <ClInclude Include="CommandParser.hpp">
      <Filter>Header Files\Utilities</Filter>
    </ClInclude>
    <ClInclude Include="OutputConsoleWriter.hpp">
      <Filter>Header Files\IOHeaders</Filter>
    </ClInclude>
    <ClInclude Include="OutputFileWritter.hpp">
      <Filter>Header Files\IOHeaders</Filter>
    </ClInclude>
    <ClInclude Include="FileUtils.hpp">
      <Filter>Header Files\Utilities</Filter>
    </ClInclude>
    <ClInclude Include="CatalogRepository.hpp">
      <Filter>Header Files\RepositoryHeader</Filter>
    </ClInclude>
  </ItemGroup>
  <ItemGroup>
    <ClCompile Include="CatalogImpl.cpp">
      <Filter>Source Files\Entities</Filter>
    </ClCompile>
    <ClCompile Include="TableImpl.cpp">
      <Filter>Source Files\Entities</Filter>
    </ClCompile>
    <ClCompile Include="InputFileReaderImpl.cpp">
      <Filter>Source Files\IO</Filter>
    </ClCompile>
    <ClCompile Include="DoubleColumnImpl.cpp">
      <Filter>Source Files\Entities</Filter>
    </ClCompile>
    <ClCompile Include="StringColumnImpl.cpp">
      <Filter>Source Files\Entities</Filter>
    </ClCompile>
    <ClCompile Include="IntegerColumnImpl.cpp">
      <Filter>Source Files\Entities</Filter>
    </ClCompile>
    <ClCompile Include="ColumnFactoryImpl.cpp">
      <Filter>Source Files\Factories</Filter>
    </ClCompile>
    <ClCompile Include="InputConsoleReaderImpl.cpp">
      <Filter>Source Files\IO</Filter>
    </ClCompile>
    <ClCompile Include="OutputConsoleWritterImpl.cpp">
      <Filter>Source Files\IO</Filter>
    </ClCompile>
    <ClCompile Include="OutputFileWritterImpl.cpp">
      <Filter>Source Files\IO</Filter>
    </ClCompile>
    <ClCompile Include="CommandLineManagerImpl.cpp">
      <Filter>Source Files\Core</Filter>
    </ClCompile>
    <ClCompile Include="CatalogRepositoryImpl.cpp">
      <Filter>Source Files\Repository</Filter>
    </ClCompile>
  </ItemGroup>
</Project>