<?xml version="1.0" encoding="utf-8"?>
<Project ToolsVersion="4.0" xmlns="http://schemas.microsoft.com/developer/msbuild/2003">
  <ItemGroup>
    <Filter Include="Source Files">
      <UniqueIdentifier>{4FC737F1-C7A5-4376-A066-2A32D752A2FF}</UniqueIdentifier>
      <Extensions>cpp;c;cc;cxx;c++;cppm;ixx;def;odl;idl;hpj;bat;asm;asmx</Extensions>
    </Filter>
    <Filter Include="Header Files">
      <UniqueIdentifier>{93995380-89BD-4b04-88EB-625FBE52EBFB}</UniqueIdentifier>
      <Extensions>h;hh;hpp;hxx;h++;hm;inl;inc;ipp;xsd</Extensions>
    </Filter>
    <Filter Include="Resource Files">
      <UniqueIdentifier>{67DA6AB6-F800-4c08-8B7A-83BB121AAD01}</UniqueIdentifier>
      <Extensions>rc;ico;cur;bmp;dlg;rc2;rct;bin;rgs;gif;jpg;jpeg;jpe;resx;tiff;tif;png;wav;mfcribbon-ms</Extensions>
    </Filter>
    <Filter Include="Source Files\Entities">
      <UniqueIdentifier>{81c251dc-5f06-443a-8c15-c3b78b45dd2f}</UniqueIdentifier>
    </Filter>
    <Filter Include="Source Files\IO">
      <UniqueIdentifier>{fd58ef6f-d71a-456a-a3cd-abb848fd8b77}</UniqueIdentifier>
    </Filter>
    <Filter Include="Header Files\EntityHeaders">
      <UniqueIdentifier>{2ed0723b-3d44-4151-8ec6-179ab3266db1}</UniqueIdentifier>
    </Filter>
    <Filter Include="Header Files\IOHeaders">
      <UniqueIdentifier>{73121b0e-c2f8-48a2-9374-71ee88457945}</UniqueIdentifier>
    </Filter>
    <Filter Include="Header Files\AbstractHeaders">
      <UniqueIdentifier>{f04050d2-856a-4c34-8adc-4c254564eca9}</UniqueIdentifier>
    </Filter>
    <Filter Include="Header Files\EnumClasses">
      <UniqueIdentifier>{3923f129-cf6b-4480-95dc-9e063b3196ca}</UniqueIdentifier>
    </Filter>
  </ItemGroup>
  <ItemGroup>
    <ClInclude Include="Catalog.hpp">
      <Filter>Header Files\EntityHeaders</Filter>
    </ClInclude>
    <ClInclude Include="Table.hpp">
      <Filter>Header Files\EntityHeaders</Filter>
    </ClInclude>
    <ClInclude Include="InputFileReader.hpp">
      <Filter>Header Files\IOHeaders</Filter>
    </ClInclude>
    <ClInclude Include="DoubleColumn.hpp">
      <Filter>Header Files\EntityHeaders</Filter>
    </ClInclude>
    <ClInclude Include="StringColumn.hpp">
      <Filter>Header Files\EntityHeaders</Filter>
    </ClInclude>
    <ClInclude Include="IntegerColumn.hpp">
      <Filter>Header Files\EntityHeaders</Filter>
    </ClInclude>
    <ClInclude Include="TableColumn.hpp">
      <Filter>Header Files\AbstractHeaders</Filter>
    </ClInclude>
    <ClInclude Include="ColumnType.hpp">
      <Filter>Header Files\EnumClasses</Filter>
    </ClInclude>
  </ItemGroup>
  <ItemGroup>
    <ClCompile Include="CatalogImpl.cpp">
      <Filter>Source Files\Entities</Filter>
    </ClCompile>
    <ClCompile Include="TableColumnImpl.cpp">
      <Filter>Source Files\Entities</Filter>
    </ClCompile>
    <ClCompile Include="TableImpl.cpp">
      <Filter>Source Files\Entities</Filter>
    </ClCompile>
    <ClCompile Include="InputFileReaderImpl.cpp">
      <Filter>Source Files\IO</Filter>
    </ClCompile>
    <ClCompile Include="DoubleColumnImpl.cpp">
      <Filter>Source Files\Entities</Filter>
    </ClCompile>
    <ClCompile Include="StringColumnImpl.cpp">
      <Filter>Source Files\Entities</Filter>
    </ClCompile>
    <ClCompile Include="IntegerColumnImpl.cpp">
      <Filter>Source Files\Entities</Filter>
    </ClCompile>
  </ItemGroup>
</Project>